{
    "name": "scene-metadata",
    "version": "1.0.0",
    "lockfileVersion": 3,
    "requires": true,
    "packages": {
        "": {
            "name": "scene-metadata",
            "version": "1.0.0",
            "license": "ISC",
            "dependencies": {
                "commander": "^14.0.2",
                "csv-parse": "^6.1.0",
                "csv-stringify": "^6.6.0",
                "date-fns": "^4.1.0",
                "log4js": "^6.9.1",
                "mysql2": "^3.16.0",
                "redis": "^5.10.0",
                "rxjs": "^7.8.2",
                "sepal": "../../lib/js/shared"
            }
        },
        "../../lib/js/shared": {
            "name": "sepal",
            "version": "1.0.0",
            "license": "ISC",
            "dependencies": {
                "@google/earthengine": "^1.7.4",
                "@koa/router": "^15.2.0",
                "amqplib": "^0.10.9",
                "base-64": "^1.0.0",
                "koa": "^3.1.1",
                "koa-bodyparser": "^4.4.1",
                "koa-easy-ws": "^2.1.0",
                "lodash": "^4.17.21",
                "log4js": "^6.9.1",
                "prom-client": "^15.1.3",
                "prometheus-api-metrics": "^4.0.0",
                "rxjs": "^7.8.2",
                "serialize-error": "^12.0.0",
                "short-unique-id": "^5.3.2",
                "uuid": "^13.0.0",
                "ws": "^8.19.0",
                "xmlhttprequest": "npm:@lpaolini/xmlhttprequest@^1.8.1"
            },
            "devDependencies": {
                "jest-expect-message": "@alex_neo/jest-expect-message"
            }
        },
        "node_modules/@redis/bloom": {
            "version": "5.10.0",
            "resolved": "https://registry.npmjs.org/@redis/bloom/-/bloom-5.10.0.tgz",
            "integrity": "sha512-doIF37ob+l47n0rkpRNgU8n4iacBlKM9xLiP1LtTZTvz8TloJB8qx/MgvhMhKdYG+CvCY2aPBnN2706izFn/4A==",
            "license": "MIT",
            "engines": {
                "node": ">= 18"
            },
            "peerDependencies": {
                "@redis/client": "^5.10.0"
            }
        },
        "node_modules/@redis/client": {
            "version": "5.10.0",
            "resolved": "https://registry.npmjs.org/@redis/client/-/client-5.10.0.tgz",
            "integrity": "sha512-JXmM4XCoso6C75Mr3lhKA3eNxSzkYi3nCzxDIKY+YOszYsJjuKbFgVtguVPbLMOttN4iu2fXoc2BGhdnYhIOxA==",
            "license": "MIT",
            "dependencies": {
                "cluster-key-slot": "1.1.2"
            },
            "engines": {
                "node": ">= 18"
            }
        },
        "node_modules/@redis/json": {
            "version": "5.10.0",
            "resolved": "https://registry.npmjs.org/@redis/json/-/json-5.10.0.tgz",
            "integrity": "sha512-B2G8XlOmTPUuZtD44EMGbtoepQG34RCDXLZbjrtON1Djet0t5Ri7/YPXvL9aomXqP8lLTreaprtyLKF4tmXEEA==",
            "license": "MIT",
            "engines": {
                "node": ">= 18"
            },
            "peerDependencies": {
                "@redis/client": "^5.10.0"
            }
        },
        "node_modules/@redis/search": {
            "version": "5.10.0",
            "resolved": "https://registry.npmjs.org/@redis/search/-/search-5.10.0.tgz",
            "integrity": "sha512-3SVcPswoSfp2HnmWbAGUzlbUPn7fOohVu2weUQ0S+EMiQi8jwjL+aN2p6V3TI65eNfVsJ8vyPvqWklm6H6esmg==",
            "license": "MIT",
            "engines": {
                "node": ">= 18"
            },
            "peerDependencies": {
                "@redis/client": "^5.10.0"
            }
        },
        "node_modules/@redis/time-series": {
            "version": "5.10.0",
            "resolved": "https://registry.npmjs.org/@redis/time-series/-/time-series-5.10.0.tgz",
            "integrity": "sha512-cPkpddXH5kc/SdRhF0YG0qtjL+noqFT0AcHbQ6axhsPsO7iqPi1cjxgdkE9TNeKiBUUdCaU1DbqkR/LzbzPBhg==",
            "license": "MIT",
            "engines": {
                "node": ">= 18"
            },
            "peerDependencies": {
                "@redis/client": "^5.10.0"
            }
        },
        "node_modules/aws-ssl-profiles": {
            "version": "1.1.2",
            "resolved": "https://registry.npmjs.org/aws-ssl-profiles/-/aws-ssl-profiles-1.1.2.tgz",
            "integrity": "sha512-NZKeq9AfyQvEeNlN0zSYAaWrmBffJh3IELMZfRpJVWgrpEbtEpnjvzqBPf+mxoI287JohRDoa+/nsfqqiZmF6g==",
            "license": "MIT",
            "engines": {
                "node": ">= 6.0.0"
            }
        },
        "node_modules/cluster-key-slot": {
            "version": "1.1.2",
            "resolved": "https://registry.npmjs.org/cluster-key-slot/-/cluster-key-slot-1.1.2.tgz",
            "integrity": "sha512-RMr0FhtfXemyinomL4hrWcYJxmX6deFdCxpJzhDttxgO1+bcCnkk+9drydLVDmAMG7NE6aN/fl4F7ucU/90gAA==",
            "license": "Apache-2.0",
            "engines": {
                "node": ">=0.10.0"
            }
        },
        "node_modules/commander": {
            "version": "14.0.2",
            "resolved": "https://registry.npmjs.org/commander/-/commander-14.0.2.tgz",
            "integrity": "sha512-TywoWNNRbhoD0BXs1P3ZEScW8W5iKrnbithIl0YH+uCmBd0QpPOA8yc82DS3BIE5Ma6FnBVUsJ7wVUDz4dvOWQ==",
            "license": "MIT",
            "engines": {
                "node": ">=20"
            }
        },
        "node_modules/csv-parse": {
            "version": "6.1.0",
            "resolved": "https://registry.npmjs.org/csv-parse/-/csv-parse-6.1.0.tgz",
            "integrity": "sha512-CEE+jwpgLn+MmtCpVcPtiCZpVtB6Z2OKPTr34pycYYoL7sxdOkXDdQ4lRiw6ioC0q6BLqhc6cKweCVvral8yhw==",
            "license": "MIT"
        },
        "node_modules/csv-stringify": {
            "version": "6.6.0",
            "resolved": "https://registry.npmjs.org/csv-stringify/-/csv-stringify-6.6.0.tgz",
            "integrity": "sha512-YW32lKOmIBgbxtu3g5SaiqWNwa/9ISQt2EcgOq0+RAIFufFp9is6tqNnKahqE5kuKvrnYAzs28r+s6pXJR8Vcw==",
            "license": "MIT"
        },
        "node_modules/date-fns": {
            "version": "4.1.0",
            "resolved": "https://registry.npmjs.org/date-fns/-/date-fns-4.1.0.tgz",
            "integrity": "sha512-Ukq0owbQXxa/U3EGtsdVBkR1w7KOQ5gIBqdH2hkvknzZPYvBxb/aa6E8L7tmjFtkwZBu3UXBbjIgPo/Ez4xaNg==",
            "license": "MIT",
            "funding": {
                "type": "github",
                "url": "https://github.com/sponsors/kossnocorp"
            }
        },
        "node_modules/date-format": {
            "version": "4.0.14",
            "resolved": "https://registry.npmjs.org/date-format/-/date-format-4.0.14.tgz",
            "integrity": "sha512-39BOQLs9ZjKh0/patS9nrT8wc3ioX3/eA/zgbKNopnF2wCqJEoxywwwElATYvRsXdnOxA/OQeQoFZ3rFjVajhg==",
            "license": "MIT",
            "engines": {
                "node": ">=4.0"
            }
        },
        "node_modules/debug": {
            "version": "4.4.0",
            "resolved": "https://registry.npmjs.org/debug/-/debug-4.4.0.tgz",
            "integrity": "sha512-6WTZ/IxCY/T6BALoZHaE4ctp9xm+Z5kY/pzYaCHRFeyVhojxlrm+46y68HA6hr0TcwEssoxNiDEUJQjfPZ/RYA==",
            "license": "MIT",
            "dependencies": {
                "ms": "^2.1.3"
            },
            "engines": {
                "node": ">=6.0"
            },
            "peerDependenciesMeta": {
                "supports-color": {
                    "optional": true
                }
            }
        },
        "node_modules/denque": {
            "version": "2.1.0",
            "resolved": "https://registry.npmjs.org/denque/-/denque-2.1.0.tgz",
            "integrity": "sha512-HVQE3AAb/pxF8fQAoiqpvg9i3evqug3hoiwakOyZAwJm+6vZehbkYXZ0l4JxS+I3QxM97v5aaRNhj8v5oBhekw==",
            "license": "Apache-2.0",
            "engines": {
                "node": ">=0.10"
            }
        },
        "node_modules/flatted": {
            "version": "3.3.3",
            "resolved": "https://registry.npmjs.org/flatted/-/flatted-3.3.3.tgz",
            "integrity": "sha512-GX+ysw4PBCz0PzosHDepZGANEuFCMLrnRTiEy9McGjmkCQYwRq4A/X786G/fjM/+OjsWSU1ZrY5qyARZmO/uwg==",
            "license": "ISC"
        },
        "node_modules/fs-extra": {
            "version": "8.1.0",
            "resolved": "https://registry.npmjs.org/fs-extra/-/fs-extra-8.1.0.tgz",
            "integrity": "sha512-yhlQgA6mnOJUKOsRUFsgJdQCvkKhcz8tlZG5HBQfReYZy46OwLcY+Zia0mtdHsOo9y/hP+CxMN0TU9QxoOtG4g==",
            "license": "MIT",
            "dependencies": {
                "graceful-fs": "^4.2.0",
                "jsonfile": "^4.0.0",
                "universalify": "^0.1.0"
            },
            "engines": {
                "node": ">=6 <7 || >=8"
            }
        },
        "node_modules/generate-function": {
            "version": "2.3.1",
            "resolved": "https://registry.npmjs.org/generate-function/-/generate-function-2.3.1.tgz",
            "integrity": "sha512-eeB5GfMNeevm/GRYq20ShmsaGcmI81kIX2K9XQx5miC8KdHaC6Jm0qQ8ZNeGOi7wYB8OsdxKs+Y2oVuTFuVwKQ==",
            "license": "MIT",
            "dependencies": {
                "is-property": "^1.0.2"
            }
        },
        "node_modules/graceful-fs": {
            "version": "4.2.11",
            "resolved": "https://registry.npmjs.org/graceful-fs/-/graceful-fs-4.2.11.tgz",
            "integrity": "sha512-RbJ5/jmFcNNCcDV5o9eTnBLJ/HszWV0P73bc+Ff4nS/rJj+YaS6IGyiOL0VoBYX+l1Wrl3k63h/KrH+nhJ0XvQ==",
            "license": "ISC"
        },
        "node_modules/is-property": {
            "version": "1.0.2",
            "resolved": "https://registry.npmjs.org/is-property/-/is-property-1.0.2.tgz",
            "integrity": "sha512-Ks/IoX00TtClbGQr4TWXemAnktAQvYB7HzcCxDGqEZU6oCmb2INHuOoKxbtR+HFkmYWBKv/dOZtGRiAjDhj92g==",
            "license": "MIT"
        },
        "node_modules/jsonfile": {
            "version": "4.0.0",
            "resolved": "https://registry.npmjs.org/jsonfile/-/jsonfile-4.0.0.tgz",
            "integrity": "sha512-m6F1R3z8jjlf2imQHS2Qez5sjKWQzbuuhuJ/FKYFRZvPE3PuHcSMVZzfsLhGVOkfd20obL5SWEBew5ShlquNxg==",
            "license": "MIT",
            "optionalDependencies": {
                "graceful-fs": "^4.1.6"
            }
        },
        "node_modules/log4js": {
            "version": "6.9.1",
            "resolved": "https://registry.npmjs.org/log4js/-/log4js-6.9.1.tgz",
            "integrity": "sha512-1somDdy9sChrr9/f4UlzhdaGfDR2c/SaD2a4T7qEkG4jTS57/B3qmnjLYePwQ8cqWnUHZI0iAKxMBpCZICiZ2g==",
            "license": "Apache-2.0",
            "dependencies": {
                "date-format": "^4.0.14",
                "debug": "^4.3.4",
                "flatted": "^3.2.7",
                "rfdc": "^1.3.0",
                "streamroller": "^3.1.5"
            },
            "engines": {
                "node": ">=8.0"
            }
        },
        "node_modules/long": {
            "version": "5.3.2",
            "resolved": "https://registry.npmjs.org/long/-/long-5.3.2.tgz",
            "integrity": "sha512-mNAgZ1GmyNhD7AuqnTG3/VQ26o760+ZYBPKjPvugO8+nLbYfX6TVpJPseBvopbdY+qpZ/lKUnmEc1LeZYS3QAA==",
            "license": "Apache-2.0"
        },
        "node_modules/lru.min": {
            "version": "1.1.2",
            "resolved": "https://registry.npmjs.org/lru.min/-/lru.min-1.1.2.tgz",
            "integrity": "sha512-Nv9KddBcQSlQopmBHXSsZVY5xsdlZkdH/Iey0BlcBYggMd4two7cZnKOK9vmy3nY0O5RGH99z1PCeTpPqszUYg==",
            "license": "MIT",
            "engines": {
                "bun": ">=1.0.0",
                "deno": ">=1.30.0",
                "node": ">=8.0.0"
            },
            "funding": {
                "type": "github",
                "url": "https://github.com/sponsors/wellwelwel"
            }
        },
        "node_modules/ms": {
            "version": "2.1.3",
            "resolved": "https://registry.npmjs.org/ms/-/ms-2.1.3.tgz",
            "integrity": "sha512-6FlzubTLZG3J2a/NVCAleEhjzq5oxgHyaCU9yYXvcLsvoVaHJq/s5xXI6/XXP6tz7R9xAOtHnSO/tXtF3WRTlA==",
            "license": "MIT"
        },
        "node_modules/mysql2": {
            "version": "3.16.0",
            "resolved": "https://registry.npmjs.org/mysql2/-/mysql2-3.16.0.tgz",
            "integrity": "sha512-AEGW7QLLSuSnjCS4pk3EIqOmogegmze9h8EyrndavUQnIUcfkVal/sK7QznE+a3bc6rzPbAiui9Jcb+96tPwYA==",
            "license": "MIT",
            "dependencies": {
                "aws-ssl-profiles": "^1.1.1",
                "denque": "^2.1.0",
                "generate-function": "^2.3.1",
                "iconv-lite": "^0.7.0",
                "long": "^5.2.1",
                "lru.min": "^1.0.0",
                "named-placeholders": "^1.1.3",
                "seq-queue": "^0.0.5",
                "sqlstring": "^2.3.2"
            },
            "engines": {
                "node": ">= 8.0"
            }
        },
        "node_modules/mysql2/node_modules/iconv-lite": {
            "version": "0.7.0",
            "resolved": "https://registry.npmjs.org/iconv-lite/-/iconv-lite-0.7.0.tgz",
            "integrity": "sha512-cf6L2Ds3h57VVmkZe+Pn+5APsT7FpqJtEhhieDCvrE2MK5Qk9MyffgQyuxQTm6BChfeZNtcOLHp9IcWRVcIcBQ==",
            "license": "MIT",
            "dependencies": {
                "safer-buffer": ">= 2.1.2 < 3.0.0"
            },
            "engines": {
                "node": ">=0.10.0"
            },
            "funding": {
                "type": "opencollective",
                "url": "https://opencollective.com/express"
            }
        },
        "node_modules/named-placeholders": {
            "version": "1.1.3",
            "resolved": "https://registry.npmjs.org/named-placeholders/-/named-placeholders-1.1.3.tgz",
            "integrity": "sha512-eLoBxg6wE/rZkJPhU/xRX1WTpkFEwDJEN96oxFrTsqBdbT5ec295Q+CoHrL9IT0DipqKhmGcaZmwOt8OON5x1w==",
            "license": "MIT",
            "dependencies": {
                "lru-cache": "^7.14.1"
            },
            "engines": {
                "node": ">=12.0.0"
            }
        },
        "node_modules/named-placeholders/node_modules/lru-cache": {
            "version": "7.18.3",
            "resolved": "https://registry.npmjs.org/lru-cache/-/lru-cache-7.18.3.tgz",
            "integrity": "sha512-jumlc0BIUrS3qJGgIkWZsyfAM7NCWiBcCDhnd+3NNM5KbBmLTgHVfWBcg6W+rLUsIpzpERPsvwUP7CckAQSOoA==",
            "license": "ISC",
            "engines": {
                "node": ">=12"
            }
        },
        "node_modules/redis": {
            "version": "5.10.0",
            "resolved": "https://registry.npmjs.org/redis/-/redis-5.10.0.tgz",
            "integrity": "sha512-0/Y+7IEiTgVGPrLFKy8oAEArSyEJkU0zvgV5xyi9NzNQ+SLZmyFbUsWIbgPcd4UdUh00opXGKlXJwMmsis5Byw==",
            "license": "MIT",
            "dependencies": {
                "@redis/bloom": "5.10.0",
                "@redis/client": "5.10.0",
                "@redis/json": "5.10.0",
                "@redis/search": "5.10.0",
                "@redis/time-series": "5.10.0"
            },
            "engines": {
                "node": ">= 18"
            }
        },
        "node_modules/rfdc": {
            "version": "1.4.1",
            "resolved": "https://registry.npmjs.org/rfdc/-/rfdc-1.4.1.tgz",
            "integrity": "sha512-q1b3N5QkRUWUl7iyylaaj3kOpIT0N2i9MqIEQXP73GVsN9cw3fdx8X63cEmWhJGi2PPCF23Ijp7ktmd39rawIA==",
            "license": "MIT"
        },
        "node_modules/rxjs": {
            "version": "7.8.2",
            "resolved": "https://registry.npmjs.org/rxjs/-/rxjs-7.8.2.tgz",
            "integrity": "sha512-dhKf903U/PQZY6boNNtAGdWbG85WAbjT/1xYoZIC7FAY0yWapOBQVsVrDl58W86//e1VpMNBtRV4MaXfdMySFA==",
            "license": "Apache-2.0",
            "dependencies": {
                "tslib": "^2.1.0"
            }
        },
        "node_modules/safer-buffer": {
            "version": "2.1.2",
            "resolved": "https://registry.npmjs.org/safer-buffer/-/safer-buffer-2.1.2.tgz",
            "integrity": "sha512-YZo3K82SD7Riyi0E1EQPojLz7kpepnSQI9IyPbHHg1XXXevb5dJI7tpyN2ADxGcQbHG7vcyRHk0cbwqcQriUtg==",
            "license": "MIT"
        },
        "node_modules/sepal": {
            "resolved": "../../lib/js/shared",
            "link": true
        },
        "node_modules/seq-queue": {
            "version": "0.0.5",
            "resolved": "https://registry.npmjs.org/seq-queue/-/seq-queue-0.0.5.tgz",
            "integrity": "sha512-hr3Wtp/GZIc/6DAGPDcV4/9WoZhjrkXsi5B/07QgX8tsdc6ilr7BFM6PM6rbdAX1kFSDYeZGLipIZZKyQP0O5Q=="
        },
        "node_modules/sqlstring": {
            "version": "2.3.3",
            "resolved": "https://registry.npmjs.org/sqlstring/-/sqlstring-2.3.3.tgz",
            "integrity": "sha512-qC9iz2FlN7DQl3+wjwn3802RTyjCx7sDvfQEXchwa6CWOx07/WVfh91gBmQ9fahw8snwGEWU3xGzOt4tFyHLxg==",
            "license": "MIT",
            "engines": {
                "node": ">= 0.6"
            }
        },
        "node_modules/streamroller": {
            "version": "3.1.5",
            "resolved": "https://registry.npmjs.org/streamroller/-/streamroller-3.1.5.tgz",
            "integrity": "sha512-KFxaM7XT+irxvdqSP1LGLgNWbYN7ay5owZ3r/8t77p+EtSUAfUgtl7be3xtqtOmGUl9K9YPO2ca8133RlTjvKw==",
            "license": "MIT",
            "dependencies": {
                "date-format": "^4.0.14",
                "debug": "^4.3.4",
                "fs-extra": "^8.1.0"
            },
            "engines": {
                "node": ">=8.0"
            }
        },
        "node_modules/tslib": {
            "version": "2.8.1",
            "resolved": "https://registry.npmjs.org/tslib/-/tslib-2.8.1.tgz",
            "integrity": "sha512-oJFu94HQb+KVduSUQL7wnpmqnfmLsOA/nAh6b6EH0wCEoK0/mPeXU6c3wKDV83MkOuHPRHtSXKKU99IBazS/2w==",
            "license": "0BSD"
        },
        "node_modules/universalify": {
            "version": "0.1.2",
            "resolved": "https://registry.npmjs.org/universalify/-/universalify-0.1.2.tgz",
            "integrity": "sha512-rBJeI5CXAlmy1pV+617WB9J63U6XcazHHF2f2dbJix4XzpUF0RS3Zbj0FGIOCAva5P/d/GBOYaACQ1w+0azUkg==",
            "license": "MIT",
            "engines": {
                "node": ">= 4.0.0"
            }
        }
    }
}
