{
    "name": "r-proxy",
    "version": "1.0.0",
    "lockfileVersion": 3,
    "requires": true,
    "packages": {
        "": {
            "name": "r-proxy",
            "version": "1.0.0",
            "license": "ISC",
            "dependencies": {
                "bull": "^4.16.5",
                "commander": "^14.0.2",
                "compare-versions": "^6.1.1",
                "http-proxy": "^1.18.1",
                "lodash": "^4.17.21",
                "log4js": "^6.9.1",
                "minimatch": "^10.1.1",
                "sepal": "../../lib/js/shared"
            },
            "devDependencies": {}
        },
        "../../lib/js/shared": {
            "name": "sepal",
            "version": "1.0.0",
            "license": "ISC",
            "dependencies": {
                "@google/earthengine": "^1.7.9",
                "@koa/router": "^15.2.0",
                "amqplib": "^0.10.9",
                "base-64": "^1.0.0",
                "koa": "^3.1.1",
                "koa-bodyparser": "^4.4.1",
                "koa-easy-ws": "^2.1.0",
                "lodash": "^4.17.21",
                "log4js": "^6.9.1",
                "mysql2": "^3.16.0",
                "postgrator": "^8.0.0",
                "prom-client": "^15.1.3",
                "prometheus-api-metrics": "^4.0.0",
                "rxjs": "^7.8.2",
                "serialize-error": "^12.0.0",
                "short-unique-id": "^5.3.2",
                "uuid": "^13.0.0",
                "ws": "^8.19.0",
                "xmlhttprequest": "npm:@lpaolini/xmlhttprequest@^1.8.1"
            },
            "devDependencies": {
                "jest-expect-message": "@alex_neo/jest-expect-message"
            }
        },
        "node_modules/@ioredis/commands": {
            "version": "1.2.0",
            "resolved": "https://registry.npmjs.org/@ioredis/commands/-/commands-1.2.0.tgz",
            "integrity": "sha512-Sx1pU8EM64o2BrqNpEO1CNLtKQwyhuXuqyfH7oGKCk+1a33d2r5saW8zNwm3j6BTExtjrv2BxTgzzkMwts6vGg=="
        },
        "node_modules/@isaacs/balanced-match": {
            "version": "4.0.1",
            "resolved": "https://registry.npmjs.org/@isaacs/balanced-match/-/balanced-match-4.0.1.tgz",
            "integrity": "sha512-yzMTt9lEb8Gv7zRioUilSglI0c0smZ9k5D65677DLWLtWJaXIS3CqcGyUFByYKlnUj6TkjLVs54fBl6+TiGQDQ==",
            "license": "MIT",
            "engines": {
                "node": "20 || >=22"
            }
        },
        "node_modules/@isaacs/brace-expansion": {
            "version": "5.0.0",
            "resolved": "https://registry.npmjs.org/@isaacs/brace-expansion/-/brace-expansion-5.0.0.tgz",
            "integrity": "sha512-ZT55BDLV0yv0RBm2czMiZ+SqCGO7AvmOM3G/w2xhVPH+te0aKgFjmBvGlL1dH+ql2tgGO3MVrbb3jCKyvpgnxA==",
            "license": "MIT",
            "dependencies": {
                "@isaacs/balanced-match": "^4.0.1"
            },
            "engines": {
                "node": "20 || >=22"
            }
        },
        "node_modules/@msgpackr-extract/msgpackr-extract-darwin-arm64": {
            "version": "3.0.3",
            "resolved": "https://registry.npmjs.org/@msgpackr-extract/msgpackr-extract-darwin-arm64/-/msgpackr-extract-darwin-arm64-3.0.3.tgz",
            "integrity": "sha512-QZHtlVgbAdy2zAqNA9Gu1UpIuI8Xvsd1v8ic6B2pZmeFnFcMWiPLfWXh7TVw4eGEZ/C9TH281KwhVoeQUKbyjw==",
            "cpu": [
                "arm64"
            ],
            "license": "MIT",
            "optional": true,
            "os": [
                "darwin"
            ]
        },
        "node_modules/@msgpackr-extract/msgpackr-extract-darwin-x64": {
            "version": "3.0.3",
            "resolved": "https://registry.npmjs.org/@msgpackr-extract/msgpackr-extract-darwin-x64/-/msgpackr-extract-darwin-x64-3.0.3.tgz",
            "integrity": "sha512-mdzd3AVzYKuUmiWOQ8GNhl64/IoFGol569zNRdkLReh6LRLHOXxU4U8eq0JwaD8iFHdVGqSy4IjFL4reoWCDFw==",
            "cpu": [
                "x64"
            ],
            "license": "MIT",
            "optional": true,
            "os": [
                "darwin"
            ]
        },
        "node_modules/@msgpackr-extract/msgpackr-extract-linux-arm": {
            "version": "3.0.3",
            "resolved": "https://registry.npmjs.org/@msgpackr-extract/msgpackr-extract-linux-arm/-/msgpackr-extract-linux-arm-3.0.3.tgz",
            "integrity": "sha512-fg0uy/dG/nZEXfYilKoRe7yALaNmHoYeIoJuJ7KJ+YyU2bvY8vPv27f7UKhGRpY6euFYqEVhxCFZgAUNQBM3nw==",
            "cpu": [
                "arm"
            ],
            "license": "MIT",
            "optional": true,
            "os": [
                "linux"
            ]
        },
        "node_modules/@msgpackr-extract/msgpackr-extract-linux-arm64": {
            "version": "3.0.3",
            "resolved": "https://registry.npmjs.org/@msgpackr-extract/msgpackr-extract-linux-arm64/-/msgpackr-extract-linux-arm64-3.0.3.tgz",
            "integrity": "sha512-YxQL+ax0XqBJDZiKimS2XQaf+2wDGVa1enVRGzEvLLVFeqa5kx2bWbtcSXgsxjQB7nRqqIGFIcLteF/sHeVtQg==",
            "cpu": [
                "arm64"
            ],
            "license": "MIT",
            "optional": true,
            "os": [
                "linux"
            ]
        },
        "node_modules/@msgpackr-extract/msgpackr-extract-linux-x64": {
            "version": "3.0.3",
            "resolved": "https://registry.npmjs.org/@msgpackr-extract/msgpackr-extract-linux-x64/-/msgpackr-extract-linux-x64-3.0.3.tgz",
            "integrity": "sha512-cvwNfbP07pKUfq1uH+S6KJ7dT9K8WOE4ZiAcsrSes+UY55E/0jLYc+vq+DO7jlmqRb5zAggExKm0H7O/CBaesg==",
            "cpu": [
                "x64"
            ],
            "license": "MIT",
            "optional": true,
            "os": [
                "linux"
            ]
        },
        "node_modules/@msgpackr-extract/msgpackr-extract-win32-x64": {
            "version": "3.0.3",
            "resolved": "https://registry.npmjs.org/@msgpackr-extract/msgpackr-extract-win32-x64/-/msgpackr-extract-win32-x64-3.0.3.tgz",
            "integrity": "sha512-x0fWaQtYp4E6sktbsdAqnehxDgEc/VwM7uLsRCYWaiGu0ykYdZPiS8zCWdnjHwyiumousxfBm4SO31eXqwEZhQ==",
            "cpu": [
                "x64"
            ],
            "license": "MIT",
            "optional": true,
            "os": [
                "win32"
            ]
        },
        "node_modules/bull": {
            "version": "4.16.5",
            "resolved": "https://registry.npmjs.org/bull/-/bull-4.16.5.tgz",
            "integrity": "sha512-lDsx2BzkKe7gkCYiT5Acj02DpTwDznl/VNN7Psn7M3USPG7Vs/BaClZJJTAG+ufAR9++N1/NiUTdaFBWDIl5TQ==",
            "license": "MIT",
            "dependencies": {
                "cron-parser": "^4.9.0",
                "get-port": "^5.1.1",
                "ioredis": "^5.3.2",
                "lodash": "^4.17.21",
                "msgpackr": "^1.11.2",
                "semver": "^7.5.2",
                "uuid": "^8.3.0"
            },
            "engines": {
                "node": ">=12"
            }
        },
        "node_modules/cluster-key-slot": {
            "version": "1.1.2",
            "resolved": "https://registry.npmjs.org/cluster-key-slot/-/cluster-key-slot-1.1.2.tgz",
            "integrity": "sha512-RMr0FhtfXemyinomL4hrWcYJxmX6deFdCxpJzhDttxgO1+bcCnkk+9drydLVDmAMG7NE6aN/fl4F7ucU/90gAA==",
            "engines": {
                "node": ">=0.10.0"
            }
        },
        "node_modules/commander": {
            "version": "14.0.2",
            "resolved": "https://registry.npmjs.org/commander/-/commander-14.0.2.tgz",
            "integrity": "sha512-TywoWNNRbhoD0BXs1P3ZEScW8W5iKrnbithIl0YH+uCmBd0QpPOA8yc82DS3BIE5Ma6FnBVUsJ7wVUDz4dvOWQ==",
            "license": "MIT",
            "engines": {
                "node": ">=20"
            }
        },
        "node_modules/compare-versions": {
            "version": "6.1.1",
            "resolved": "https://registry.npmjs.org/compare-versions/-/compare-versions-6.1.1.tgz",
            "integrity": "sha512-4hm4VPpIecmlg59CHXnRDnqGplJFrbLG4aFEl5vl6cK1u76ws3LLvX7ikFnTDl5vo39sjWD6AaDPYodJp/NNHg=="
        },
        "node_modules/cron-parser": {
            "version": "4.9.0",
            "resolved": "https://registry.npmjs.org/cron-parser/-/cron-parser-4.9.0.tgz",
            "integrity": "sha512-p0SaNjrHOnQeR8/VnfGbmg9te2kfyYSQ7Sc/j/6DtPL3JQvKxmjO9TSjNFpujqV3vEYYBvNNvXSxzyksBWAx1Q==",
            "dependencies": {
                "luxon": "^3.2.1"
            },
            "engines": {
                "node": ">=12.0.0"
            }
        },
        "node_modules/date-format": {
            "version": "4.0.14",
            "resolved": "https://registry.npmjs.org/date-format/-/date-format-4.0.14.tgz",
            "integrity": "sha512-39BOQLs9ZjKh0/patS9nrT8wc3ioX3/eA/zgbKNopnF2wCqJEoxywwwElATYvRsXdnOxA/OQeQoFZ3rFjVajhg==",
            "engines": {
                "node": ">=4.0"
            }
        },
        "node_modules/debug": {
            "version": "4.3.4",
            "resolved": "https://registry.npmjs.org/debug/-/debug-4.3.4.tgz",
            "integrity": "sha512-PRWFHuSU3eDtQJPvnNY7Jcket1j0t5OuOsFzPPzsekD52Zl8qUfFIPEiswXqIvHWGVHOgX+7G/vCNNhehwxfkQ==",
            "dependencies": {
                "ms": "2.1.2"
            },
            "engines": {
                "node": ">=6.0"
            },
            "peerDependenciesMeta": {
                "supports-color": {
                    "optional": true
                }
            }
        },
        "node_modules/denque": {
            "version": "2.1.0",
            "resolved": "https://registry.npmjs.org/denque/-/denque-2.1.0.tgz",
            "integrity": "sha512-HVQE3AAb/pxF8fQAoiqpvg9i3evqug3hoiwakOyZAwJm+6vZehbkYXZ0l4JxS+I3QxM97v5aaRNhj8v5oBhekw==",
            "engines": {
                "node": ">=0.10"
            }
        },
        "node_modules/detect-libc": {
            "version": "2.0.3",
            "resolved": "https://registry.npmjs.org/detect-libc/-/detect-libc-2.0.3.tgz",
            "integrity": "sha512-bwy0MGW55bG41VqxxypOsdSdGqLwXPI/focwgTYCFMbdUiBAxLg9CFzG08sz2aqzknwiX7Hkl0bQENjg8iLByw==",
            "license": "Apache-2.0",
            "optional": true,
            "engines": {
                "node": ">=8"
            }
        },
        "node_modules/eventemitter3": {
            "version": "4.0.7",
            "resolved": "https://registry.npmjs.org/eventemitter3/-/eventemitter3-4.0.7.tgz",
            "integrity": "sha512-8guHBZCwKnFhYdHr2ysuRWErTwhoN2X8XELRlrRwpmfeY2jjuUN4taQMsULKUVo1K4DvZl+0pgfyoysHxvmvEw=="
        },
        "node_modules/flatted": {
            "version": "3.3.1",
            "resolved": "https://registry.npmjs.org/flatted/-/flatted-3.3.1.tgz",
            "integrity": "sha512-X8cqMLLie7KsNUDSdzeN8FYK9rEt4Dt67OsG/DNGnYTSDBG4uFAJFBnUeiV+zCVAvwFy56IjM9sH51jVaEhNxw=="
        },
        "node_modules/follow-redirects": {
            "version": "1.15.6",
            "resolved": "https://registry.npmjs.org/follow-redirects/-/follow-redirects-1.15.6.tgz",
            "integrity": "sha512-wWN62YITEaOpSK584EZXJafH1AGpO8RVgElfkuXbTOrPX4fIfOyEpW/CsiNd8JdYrAoOvafRTOEnvsO++qCqFA==",
            "funding": [
                {
                    "type": "individual",
                    "url": "https://github.com/sponsors/RubenVerborgh"
                }
            ],
            "engines": {
                "node": ">=4.0"
            },
            "peerDependenciesMeta": {
                "debug": {
                    "optional": true
                }
            }
        },
        "node_modules/fs-extra": {
            "version": "8.1.0",
            "resolved": "https://registry.npmjs.org/fs-extra/-/fs-extra-8.1.0.tgz",
            "integrity": "sha512-yhlQgA6mnOJUKOsRUFsgJdQCvkKhcz8tlZG5HBQfReYZy46OwLcY+Zia0mtdHsOo9y/hP+CxMN0TU9QxoOtG4g==",
            "dependencies": {
                "graceful-fs": "^4.2.0",
                "jsonfile": "^4.0.0",
                "universalify": "^0.1.0"
            },
            "engines": {
                "node": ">=6 <7 || >=8"
            }
        },
        "node_modules/get-port": {
            "version": "5.1.1",
            "resolved": "https://registry.npmjs.org/get-port/-/get-port-5.1.1.tgz",
            "integrity": "sha512-g/Q1aTSDOxFpchXC4i8ZWvxA1lnPqx/JHqcpIw0/LX9T8x/GBbi6YnlN5nhaKIFkT8oFsscUKgDJYxfwfS6QsQ==",
            "engines": {
                "node": ">=8"
            },
            "funding": {
                "url": "https://github.com/sponsors/sindresorhus"
            }
        },
        "node_modules/graceful-fs": {
            "version": "4.2.11",
            "resolved": "https://registry.npmjs.org/graceful-fs/-/graceful-fs-4.2.11.tgz",
            "integrity": "sha512-RbJ5/jmFcNNCcDV5o9eTnBLJ/HszWV0P73bc+Ff4nS/rJj+YaS6IGyiOL0VoBYX+l1Wrl3k63h/KrH+nhJ0XvQ=="
        },
        "node_modules/http-proxy": {
            "version": "1.18.1",
            "resolved": "https://registry.npmjs.org/http-proxy/-/http-proxy-1.18.1.tgz",
            "integrity": "sha512-7mz/721AbnJwIVbnaSv1Cz3Am0ZLT/UBwkC92VlxhXv/k/BBQfM2fXElQNC27BVGr0uwUpplYPQM9LnaBMR5NQ==",
            "dependencies": {
                "eventemitter3": "^4.0.0",
                "follow-redirects": "^1.0.0",
                "requires-port": "^1.0.0"
            },
            "engines": {
                "node": ">=8.0.0"
            }
        },
        "node_modules/ioredis": {
            "version": "5.4.1",
            "resolved": "https://registry.npmjs.org/ioredis/-/ioredis-5.4.1.tgz",
            "integrity": "sha512-2YZsvl7jopIa1gaePkeMtd9rAcSjOOjPtpcLlOeusyO+XH2SK5ZcT+UCrElPP+WVIInh2TzeI4XW9ENaSLVVHA==",
            "dependencies": {
                "@ioredis/commands": "^1.1.1",
                "cluster-key-slot": "^1.1.0",
                "debug": "^4.3.4",
                "denque": "^2.1.0",
                "lodash.defaults": "^4.2.0",
                "lodash.isarguments": "^3.1.0",
                "redis-errors": "^1.2.0",
                "redis-parser": "^3.0.0",
                "standard-as-callback": "^2.1.0"
            },
            "engines": {
                "node": ">=12.22.0"
            },
            "funding": {
                "type": "opencollective",
                "url": "https://opencollective.com/ioredis"
            }
        },
        "node_modules/jsonfile": {
            "version": "4.0.0",
            "resolved": "https://registry.npmjs.org/jsonfile/-/jsonfile-4.0.0.tgz",
            "integrity": "sha512-m6F1R3z8jjlf2imQHS2Qez5sjKWQzbuuhuJ/FKYFRZvPE3PuHcSMVZzfsLhGVOkfd20obL5SWEBew5ShlquNxg==",
            "optionalDependencies": {
                "graceful-fs": "^4.1.6"
            }
        },
        "node_modules/lodash": {
            "version": "4.17.21",
            "resolved": "https://registry.npmjs.org/lodash/-/lodash-4.17.21.tgz",
            "integrity": "sha512-v2kDEe57lecTulaDIuNTPy3Ry4gLGJ6Z1O3vE1krgXZNrsQ+LFTGHVxVjcXPs17LhbZVGedAJv8XZ1tvj5FvSg=="
        },
        "node_modules/lodash.defaults": {
            "version": "4.2.0",
            "resolved": "https://registry.npmjs.org/lodash.defaults/-/lodash.defaults-4.2.0.tgz",
            "integrity": "sha512-qjxPLHd3r5DnsdGacqOMU6pb/avJzdh9tFX2ymgoZE27BmjXrNy/y4LoaiTeAb+O3gL8AfpJGtqfX/ae2leYYQ=="
        },
        "node_modules/lodash.isarguments": {
            "version": "3.1.0",
            "resolved": "https://registry.npmjs.org/lodash.isarguments/-/lodash.isarguments-3.1.0.tgz",
            "integrity": "sha512-chi4NHZlZqZD18a0imDHnZPrDeBbTtVN7GXMwuGdRH9qotxAjYs3aVLKc7zNOG9eddR5Ksd8rvFEBc9SsggPpg=="
        },
        "node_modules/log4js": {
            "version": "6.9.1",
            "resolved": "https://registry.npmjs.org/log4js/-/log4js-6.9.1.tgz",
            "integrity": "sha512-1somDdy9sChrr9/f4UlzhdaGfDR2c/SaD2a4T7qEkG4jTS57/B3qmnjLYePwQ8cqWnUHZI0iAKxMBpCZICiZ2g==",
            "dependencies": {
                "date-format": "^4.0.14",
                "debug": "^4.3.4",
                "flatted": "^3.2.7",
                "rfdc": "^1.3.0",
                "streamroller": "^3.1.5"
            },
            "engines": {
                "node": ">=8.0"
            }
        },
        "node_modules/luxon": {
            "version": "3.4.4",
            "resolved": "https://registry.npmjs.org/luxon/-/luxon-3.4.4.tgz",
            "integrity": "sha512-zobTr7akeGHnv7eBOXcRgMeCP6+uyYsczwmeRCauvpvaAltgNyTbLH/+VaEAPUeWBT+1GuNmz4wC/6jtQzbbVA==",
            "engines": {
                "node": ">=12"
            }
        },
        "node_modules/minimatch": {
            "version": "10.1.1",
            "resolved": "https://registry.npmjs.org/minimatch/-/minimatch-10.1.1.tgz",
            "integrity": "sha512-enIvLvRAFZYXJzkCYG5RKmPfrFArdLv+R+lbQ53BmIMLIry74bjKzX6iHAm8WYamJkhSSEabrWN5D97XnKObjQ==",
            "license": "BlueOak-1.0.0",
            "dependencies": {
                "@isaacs/brace-expansion": "^5.0.0"
            },
            "engines": {
                "node": "20 || >=22"
            },
            "funding": {
                "url": "https://github.com/sponsors/isaacs"
            }
        },
        "node_modules/ms": {
            "version": "2.1.2",
            "resolved": "https://registry.npmjs.org/ms/-/ms-2.1.2.tgz",
            "integrity": "sha512-sGkPx+VjMtmA6MX27oA4FBFELFCZZ4S4XqeGOXCv68tT+jb3vk/RyaKWP0PTKyWtmLSM0b+adUTEvbs1PEaH2w=="
        },
        "node_modules/msgpackr": {
            "version": "1.11.2",
            "resolved": "https://registry.npmjs.org/msgpackr/-/msgpackr-1.11.2.tgz",
            "integrity": "sha512-F9UngXRlPyWCDEASDpTf6c9uNhGPTqnTeLVt7bN+bU1eajoR/8V9ys2BRaV5C/e5ihE6sJ9uPIKaYt6bFuO32g==",
            "license": "MIT",
            "optionalDependencies": {
                "msgpackr-extract": "^3.0.2"
            }
        },
        "node_modules/msgpackr-extract": {
            "version": "3.0.3",
            "resolved": "https://registry.npmjs.org/msgpackr-extract/-/msgpackr-extract-3.0.3.tgz",
            "integrity": "sha512-P0efT1C9jIdVRefqjzOQ9Xml57zpOXnIuS+csaB4MdZbTdmGDLo8XhzBG1N7aO11gKDDkJvBLULeFTo46wwreA==",
            "hasInstallScript": true,
            "license": "MIT",
            "optional": true,
            "dependencies": {
                "node-gyp-build-optional-packages": "5.2.2"
            },
            "bin": {
                "download-msgpackr-prebuilds": "bin/download-prebuilds.js"
            },
            "optionalDependencies": {
                "@msgpackr-extract/msgpackr-extract-darwin-arm64": "3.0.3",
                "@msgpackr-extract/msgpackr-extract-darwin-x64": "3.0.3",
                "@msgpackr-extract/msgpackr-extract-linux-arm": "3.0.3",
                "@msgpackr-extract/msgpackr-extract-linux-arm64": "3.0.3",
                "@msgpackr-extract/msgpackr-extract-linux-x64": "3.0.3",
                "@msgpackr-extract/msgpackr-extract-win32-x64": "3.0.3"
            }
        },
        "node_modules/node-gyp-build-optional-packages": {
            "version": "5.2.2",
            "resolved": "https://registry.npmjs.org/node-gyp-build-optional-packages/-/node-gyp-build-optional-packages-5.2.2.tgz",
            "integrity": "sha512-s+w+rBWnpTMwSFbaE0UXsRlg7hU4FjekKU4eyAih5T8nJuNZT1nNsskXpxmeqSK9UzkBl6UgRlnKc8hz8IEqOw==",
            "license": "MIT",
            "optional": true,
            "dependencies": {
                "detect-libc": "^2.0.1"
            },
            "bin": {
                "node-gyp-build-optional-packages": "bin.js",
                "node-gyp-build-optional-packages-optional": "optional.js",
                "node-gyp-build-optional-packages-test": "build-test.js"
            }
        },
        "node_modules/redis-errors": {
            "version": "1.2.0",
            "resolved": "https://registry.npmjs.org/redis-errors/-/redis-errors-1.2.0.tgz",
            "integrity": "sha512-1qny3OExCf0UvUV/5wpYKf2YwPcOqXzkwKKSmKHiE6ZMQs5heeE/c8eXK+PNllPvmjgAbfnsbpkGZWy8cBpn9w==",
            "engines": {
                "node": ">=4"
            }
        },
        "node_modules/redis-parser": {
            "version": "3.0.0",
            "resolved": "https://registry.npmjs.org/redis-parser/-/redis-parser-3.0.0.tgz",
            "integrity": "sha512-DJnGAeenTdpMEH6uAJRK/uiyEIH9WVsUmoLwzudwGJUwZPp80PDBWPHXSAGNPwNvIXAbe7MSUB1zQFugFml66A==",
            "dependencies": {
                "redis-errors": "^1.0.0"
            },
            "engines": {
                "node": ">=4"
            }
        },
        "node_modules/requires-port": {
            "version": "1.0.0",
            "resolved": "https://registry.npmjs.org/requires-port/-/requires-port-1.0.0.tgz",
            "integrity": "sha512-KigOCHcocU3XODJxsu8i/j8T9tzT4adHiecwORRQ0ZZFcp7ahwXuRU1m+yuO90C5ZUyGeGfocHDI14M3L3yDAQ=="
        },
        "node_modules/rfdc": {
            "version": "1.3.1",
            "resolved": "https://registry.npmjs.org/rfdc/-/rfdc-1.3.1.tgz",
            "integrity": "sha512-r5a3l5HzYlIC68TpmYKlxWjmOP6wiPJ1vWv2HeLhNsRZMrCkxeqxiHlQ21oXmQ4F3SiryXBHhAD7JZqvOJjFmg=="
        },
        "node_modules/semver": {
            "version": "7.6.2",
            "resolved": "https://registry.npmjs.org/semver/-/semver-7.6.2.tgz",
            "integrity": "sha512-FNAIBWCx9qcRhoHcgcJ0gvU7SN1lYU2ZXuSfl04bSC5OpvDHFyJCjdNHomPXxjQlCBU67YW64PzY7/VIEH7F2w==",
            "bin": {
                "semver": "bin/semver.js"
            },
            "engines": {
                "node": ">=10"
            }
        },
        "node_modules/sepal": {
            "resolved": "../../lib/js/shared",
            "link": true
        },
        "node_modules/standard-as-callback": {
            "version": "2.1.0",
            "resolved": "https://registry.npmjs.org/standard-as-callback/-/standard-as-callback-2.1.0.tgz",
            "integrity": "sha512-qoRRSyROncaz1z0mvYqIE4lCd9p2R90i6GxW3uZv5ucSu8tU7B5HXUP1gG8pVZsYNVaXjk8ClXHPttLyxAL48A=="
        },
        "node_modules/streamroller": {
            "version": "3.1.5",
            "resolved": "https://registry.npmjs.org/streamroller/-/streamroller-3.1.5.tgz",
            "integrity": "sha512-KFxaM7XT+irxvdqSP1LGLgNWbYN7ay5owZ3r/8t77p+EtSUAfUgtl7be3xtqtOmGUl9K9YPO2ca8133RlTjvKw==",
            "dependencies": {
                "date-format": "^4.0.14",
                "debug": "^4.3.4",
                "fs-extra": "^8.1.0"
            },
            "engines": {
                "node": ">=8.0"
            }
        },
        "node_modules/universalify": {
            "version": "0.1.2",
            "resolved": "https://registry.npmjs.org/universalify/-/universalify-0.1.2.tgz",
            "integrity": "sha512-rBJeI5CXAlmy1pV+617WB9J63U6XcazHHF2f2dbJix4XzpUF0RS3Zbj0FGIOCAva5P/d/GBOYaACQ1w+0azUkg==",
            "engines": {
                "node": ">= 4.0.0"
            }
        },
        "node_modules/uuid": {
            "version": "8.3.2",
            "resolved": "https://registry.npmjs.org/uuid/-/uuid-8.3.2.tgz",
            "integrity": "sha512-+NYs2QeMWy+GWFOEm9xnn6HCDp0l7QBD7ml8zLUmJ+93Q5NF0NocErnwkTkXVFNiX3/fpC6afS8Dhb/gz7R7eg==",
            "bin": {
                "uuid": "dist/bin/uuid"
            }
        }
    }
}
