{
  "name": "kafka",
  "version": "1.0.0",
  "lockfileVersion": 2,
  "requires": true,
  "packages": {
    "": {
      "name": "kafka",
      "version": "1.0.0",
      "license": "ISC",
      "dependencies": {
        "kafkajs": "^2.2.2"
      }
    },
    "node_modules/kafkajs": {
      "version": "2.2.2",
      "resolved": "https://registry.npmjs.org/kafkajs/-/kafkajs-2.2.2.tgz",
      "integrity": "sha512-9wpGLAwRVbVtSew3xwi2f2BMuYLXWhYcoYB/O7gd1JYOYuYTAEC60CeFgRQugI016MxqvOKnOOA+l1jx+4b84g==",
      "engines": {
        "node": ">=14.0.0"
      }
    }
  },
  "dependencies": {
    "kafkajs": {
      "version": "2.2.2",
      "resolved": "https://registry.npmjs.org/kafkajs/-/kafkajs-2.2.2.tgz",
      "integrity": "sha512-9wpGLAwRVbVtSew3xwi2f2BMuYLXWhYcoYB/O7gd1JYOYuYTAEC60CeFgRQugI016MxqvOKnOOA+l1jx+4b84g=="
    }
  }
}
