{
  "requires": true,
  "lockfileVersion": 1,
  "dependencies": {
    "short-unique-id": {
      "version": "3.0.4",
      "resolved": "https://registry.npmjs.org/short-unique-id/-/short-unique-id-3.0.4.tgz",
      "integrity": "sha512-M2VEyhMf5H+GUkImMTM5cJMJanm/jgJJf6NSWdNzkIx5oMtQvGm9k6oom3OV77m/RyIe1+MXPkxGqdaipzCRcw=="
    }
  }
}
