{
    "name": "app-manager",
    "version": "1.0.0",
    "lockfileVersion": 3,
    "requires": true,
    "packages": {
        "": {
            "name": "app-manager",
            "version": "1.0.0",
            "license": "ISC",
            "dependencies": {
                "commander": "^14.0.0",
                "koa-static": "^5.0.0",
                "lodash": "^4.17.21",
                "log4js": "^6.9.1",
                "mime-types": "^3.0.1",
                "moment": "^2.30.1",
                "rxjs": "^7.8.2",
                "sepal": "../../lib/js/shared"
            },
            "devDependencies": {}
        },
        "../../lib/js/shared": {
            "name": "sepal",
            "version": "1.0.0",
            "license": "ISC",
            "dependencies": {
                "@google/earthengine": "^1.5.15",
                "@koa/router": "^13.1.0",
                "amqplib": "^0.10.8",
                "base-64": "^1.0.0",
                "koa": "^3.0.0",
                "koa-bodyparser": "^4.4.1",
                "koa-easy-ws": "^2.1.0",
                "lodash": "^4.17.21",
                "log4js": "^6.9.1",
                "prom-client": "^14.2.0",
                "prometheus-api-metrics": "^3.2.2",
                "rxjs": "^7.8.2",
                "serialize-error": "^8.1.0",
                "short-unique-id": "^5.3.2",
                "uuid": "^11.1.0",
                "ws": "^8.18.2",
                "xmlhttprequest": "npm:@lpaolini/xmlhttprequest@^1.8.1"
            },
            "devDependencies": {
                "jest-expect-message": "@alex_neo/jest-expect-message"
            }
        },
        "node_modules/commander": {
            "version": "14.0.0",
            "resolved": "https://registry.npmjs.org/commander/-/commander-14.0.0.tgz",
            "integrity": "sha512-2uM9rYjPvyq39NwLRqaiLtWHyDC1FvryJDa2ATTVims5YAS4PupsEQsDvP14FqhFr0P49CYDugi59xaxJlTXRA==",
            "license": "MIT",
            "engines": {
                "node": ">=20"
            }
        },
        "node_modules/date-format": {
            "version": "4.0.14",
            "resolved": "https://registry.npmjs.org/date-format/-/date-format-4.0.14.tgz",
            "integrity": "sha512-39BOQLs9ZjKh0/patS9nrT8wc3ioX3/eA/zgbKNopnF2wCqJEoxywwwElATYvRsXdnOxA/OQeQoFZ3rFjVajhg==",
            "license": "MIT",
            "engines": {
                "node": ">=4.0"
            }
        },
        "node_modules/debug": {
            "version": "3.2.7",
            "resolved": "https://registry.npmjs.org/debug/-/debug-3.2.7.tgz",
            "integrity": "sha512-CFjzYYAi4ThfiQvizrFQevTTXHtnCqWfe7x1AhgEscTz6ZbLbfoLRLPugTQyBth6f8ZERVUSyWHFD/7Wu4t1XQ==",
            "license": "MIT",
            "dependencies": {
                "ms": "^2.1.1"
            }
        },
        "node_modules/depd": {
            "version": "1.1.2",
            "resolved": "https://registry.npmjs.org/depd/-/depd-1.1.2.tgz",
            "integrity": "sha512-7emPTl6Dpo6JRXOXjLRxck+FlLRX5847cLKEn00PLAgc3g2hTZZgr+e4c2v6QpSmLeFP3n5yUo7ft6avBK/5jQ==",
            "license": "MIT",
            "engines": {
                "node": ">= 0.6"
            }
        },
        "node_modules/flatted": {
            "version": "3.3.3",
            "resolved": "https://registry.npmjs.org/flatted/-/flatted-3.3.3.tgz",
            "integrity": "sha512-GX+ysw4PBCz0PzosHDepZGANEuFCMLrnRTiEy9McGjmkCQYwRq4A/X786G/fjM/+OjsWSU1ZrY5qyARZmO/uwg==",
            "license": "ISC"
        },
        "node_modules/fs-extra": {
            "version": "8.1.0",
            "resolved": "https://registry.npmjs.org/fs-extra/-/fs-extra-8.1.0.tgz",
            "integrity": "sha512-yhlQgA6mnOJUKOsRUFsgJdQCvkKhcz8tlZG5HBQfReYZy46OwLcY+Zia0mtdHsOo9y/hP+CxMN0TU9QxoOtG4g==",
            "license": "MIT",
            "dependencies": {
                "graceful-fs": "^4.2.0",
                "jsonfile": "^4.0.0",
                "universalify": "^0.1.0"
            },
            "engines": {
                "node": ">=6 <7 || >=8"
            }
        },
        "node_modules/graceful-fs": {
            "version": "4.2.11",
            "resolved": "https://registry.npmjs.org/graceful-fs/-/graceful-fs-4.2.11.tgz",
            "integrity": "sha512-RbJ5/jmFcNNCcDV5o9eTnBLJ/HszWV0P73bc+Ff4nS/rJj+YaS6IGyiOL0VoBYX+l1Wrl3k63h/KrH+nhJ0XvQ==",
            "license": "ISC"
        },
        "node_modules/http-errors": {
            "version": "1.8.1",
            "resolved": "https://registry.npmjs.org/http-errors/-/http-errors-1.8.1.tgz",
            "integrity": "sha512-Kpk9Sm7NmI+RHhnj6OIWDI1d6fIoFAtFt9RLaTMRlg/8w49juAStsrBgp0Dp4OdxdVbRIeKhtCUvoi/RuAhO4g==",
            "license": "MIT",
            "dependencies": {
                "depd": "~1.1.2",
                "inherits": "2.0.4",
                "setprototypeof": "1.2.0",
                "statuses": ">= 1.5.0 < 2",
                "toidentifier": "1.0.1"
            },
            "engines": {
                "node": ">= 0.6"
            }
        },
        "node_modules/inherits": {
            "version": "2.0.4",
            "resolved": "https://registry.npmjs.org/inherits/-/inherits-2.0.4.tgz",
            "integrity": "sha512-k/vGaX4/Yla3WzyMCvTQOXYeIHvqOKtnqBduzTHpzpQZzAskKMhZ2K+EnBiSM9zGSoIFeMpXKxa4dYeZIQqewQ==",
            "license": "ISC"
        },
        "node_modules/jsonfile": {
            "version": "4.0.0",
            "resolved": "https://registry.npmjs.org/jsonfile/-/jsonfile-4.0.0.tgz",
            "integrity": "sha512-m6F1R3z8jjlf2imQHS2Qez5sjKWQzbuuhuJ/FKYFRZvPE3PuHcSMVZzfsLhGVOkfd20obL5SWEBew5ShlquNxg==",
            "license": "MIT",
            "optionalDependencies": {
                "graceful-fs": "^4.1.6"
            }
        },
        "node_modules/koa-send": {
            "version": "5.0.1",
            "resolved": "https://registry.npmjs.org/koa-send/-/koa-send-5.0.1.tgz",
            "integrity": "sha512-tmcyQ/wXXuxpDxyNXv5yNNkdAMdFRqwtegBXUaowiQzUKqJehttS0x2j0eOZDQAyloAth5w6wwBImnFzkUz3pQ==",
            "license": "MIT",
            "dependencies": {
                "debug": "^4.1.1",
                "http-errors": "^1.7.3",
                "resolve-path": "^1.4.0"
            },
            "engines": {
                "node": ">= 8"
            }
        },
        "node_modules/koa-send/node_modules/debug": {
            "version": "4.4.0",
            "resolved": "https://registry.npmjs.org/debug/-/debug-4.4.0.tgz",
            "integrity": "sha512-6WTZ/IxCY/T6BALoZHaE4ctp9xm+Z5kY/pzYaCHRFeyVhojxlrm+46y68HA6hr0TcwEssoxNiDEUJQjfPZ/RYA==",
            "license": "MIT",
            "dependencies": {
                "ms": "^2.1.3"
            },
            "engines": {
                "node": ">=6.0"
            },
            "peerDependenciesMeta": {
                "supports-color": {
                    "optional": true
                }
            }
        },
        "node_modules/koa-static": {
            "version": "5.0.0",
            "resolved": "https://registry.npmjs.org/koa-static/-/koa-static-5.0.0.tgz",
            "integrity": "sha512-UqyYyH5YEXaJrf9S8E23GoJFQZXkBVJ9zYYMPGz919MSX1KuvAcycIuS0ci150HCoPf4XQVhQ84Qf8xRPWxFaQ==",
            "license": "MIT",
            "dependencies": {
                "debug": "^3.1.0",
                "koa-send": "^5.0.0"
            },
            "engines": {
                "node": ">= 7.6.0"
            }
        },
        "node_modules/lodash": {
            "version": "4.17.21",
            "resolved": "https://registry.npmjs.org/lodash/-/lodash-4.17.21.tgz",
            "integrity": "sha512-v2kDEe57lecTulaDIuNTPy3Ry4gLGJ6Z1O3vE1krgXZNrsQ+LFTGHVxVjcXPs17LhbZVGedAJv8XZ1tvj5FvSg==",
            "license": "MIT"
        },
        "node_modules/log4js": {
            "version": "6.9.1",
            "resolved": "https://registry.npmjs.org/log4js/-/log4js-6.9.1.tgz",
            "integrity": "sha512-1somDdy9sChrr9/f4UlzhdaGfDR2c/SaD2a4T7qEkG4jTS57/B3qmnjLYePwQ8cqWnUHZI0iAKxMBpCZICiZ2g==",
            "license": "Apache-2.0",
            "dependencies": {
                "date-format": "^4.0.14",
                "debug": "^4.3.4",
                "flatted": "^3.2.7",
                "rfdc": "^1.3.0",
                "streamroller": "^3.1.5"
            },
            "engines": {
                "node": ">=8.0"
            }
        },
        "node_modules/log4js/node_modules/debug": {
            "version": "4.4.0",
            "resolved": "https://registry.npmjs.org/debug/-/debug-4.4.0.tgz",
            "integrity": "sha512-6WTZ/IxCY/T6BALoZHaE4ctp9xm+Z5kY/pzYaCHRFeyVhojxlrm+46y68HA6hr0TcwEssoxNiDEUJQjfPZ/RYA==",
            "license": "MIT",
            "dependencies": {
                "ms": "^2.1.3"
            },
            "engines": {
                "node": ">=6.0"
            },
            "peerDependenciesMeta": {
                "supports-color": {
                    "optional": true
                }
            }
        },
        "node_modules/mime-db": {
            "version": "1.54.0",
            "resolved": "https://registry.npmjs.org/mime-db/-/mime-db-1.54.0.tgz",
            "integrity": "sha512-aU5EJuIN2WDemCcAp2vFBfp/m4EAhWJnUNSSw0ixs7/kXbd6Pg64EmwJkNdFhB8aWt1sH2CTXrLxo/iAGV3oPQ==",
            "license": "MIT",
            "engines": {
                "node": ">= 0.6"
            }
        },
        "node_modules/mime-types": {
            "version": "3.0.1",
            "resolved": "https://registry.npmjs.org/mime-types/-/mime-types-3.0.1.tgz",
            "integrity": "sha512-xRc4oEhT6eaBpU1XF7AjpOFD+xQmXNB5OVKwp4tqCuBpHLS/ZbBDrc07mYTDqVMg6PfxUjjNp85O6Cd2Z/5HWA==",
            "license": "MIT",
            "dependencies": {
                "mime-db": "^1.54.0"
            },
            "engines": {
                "node": ">= 0.6"
            }
        },
        "node_modules/moment": {
            "version": "2.30.1",
            "resolved": "https://registry.npmjs.org/moment/-/moment-2.30.1.tgz",
            "integrity": "sha512-uEmtNhbDOrWPFS+hdjFCBfy9f2YoyzRpwcl+DqpC6taX21FzsTLQVbMV/W7PzNSX6x/bhC1zA3c2UQ5NzH6how==",
            "license": "MIT",
            "engines": {
                "node": "*"
            }
        },
        "node_modules/ms": {
            "version": "2.1.3",
            "resolved": "https://registry.npmjs.org/ms/-/ms-2.1.3.tgz",
            "integrity": "sha512-6FlzubTLZG3J2a/NVCAleEhjzq5oxgHyaCU9yYXvcLsvoVaHJq/s5xXI6/XXP6tz7R9xAOtHnSO/tXtF3WRTlA==",
            "license": "MIT"
        },
        "node_modules/path-is-absolute": {
            "version": "1.0.1",
            "resolved": "https://registry.npmjs.org/path-is-absolute/-/path-is-absolute-1.0.1.tgz",
            "integrity": "sha512-AVbw3UJ2e9bq64vSaS9Am0fje1Pa8pbGqTTsmXfaIiMpnr5DlDhfJOuLj9Sf95ZPVDAUerDfEk88MPmPe7UCQg==",
            "license": "MIT",
            "engines": {
                "node": ">=0.10.0"
            }
        },
        "node_modules/resolve-path": {
            "version": "1.4.0",
            "resolved": "https://registry.npmjs.org/resolve-path/-/resolve-path-1.4.0.tgz",
            "integrity": "sha512-i1xevIst/Qa+nA9olDxLWnLk8YZbi8R/7JPbCMcgyWaFR6bKWaexgJgEB5oc2PKMjYdrHynyz0NY+if+H98t1w==",
            "license": "MIT",
            "dependencies": {
                "http-errors": "~1.6.2",
                "path-is-absolute": "1.0.1"
            },
            "engines": {
                "node": ">= 0.8"
            }
        },
        "node_modules/resolve-path/node_modules/http-errors": {
            "version": "1.6.3",
            "resolved": "https://registry.npmjs.org/http-errors/-/http-errors-1.6.3.tgz",
            "integrity": "sha512-lks+lVC8dgGyh97jxvxeYTWQFvh4uw4yC12gVl63Cg30sjPX4wuGcdkICVXDAESr6OJGjqGA8Iz5mkeN6zlD7A==",
            "license": "MIT",
            "dependencies": {
                "depd": "~1.1.2",
                "inherits": "2.0.3",
                "setprototypeof": "1.1.0",
                "statuses": ">= 1.4.0 < 2"
            },
            "engines": {
                "node": ">= 0.6"
            }
        },
        "node_modules/resolve-path/node_modules/inherits": {
            "version": "2.0.3",
            "resolved": "https://registry.npmjs.org/inherits/-/inherits-2.0.3.tgz",
            "integrity": "sha512-x00IRNXNy63jwGkJmzPigoySHbaqpNuzKbBOmzK+g2OdZpQ9w+sxCN+VSB3ja7IAge2OP2qpfxTjeNcyjmW1uw==",
            "license": "ISC"
        },
        "node_modules/resolve-path/node_modules/setprototypeof": {
            "version": "1.1.0",
            "resolved": "https://registry.npmjs.org/setprototypeof/-/setprototypeof-1.1.0.tgz",
            "integrity": "sha512-BvE/TwpZX4FXExxOxZyRGQQv651MSwmWKZGqvmPcRIjDqWub67kTKuIMx43cZZrS/cBBzwBcNDWoFxt2XEFIpQ==",
            "license": "ISC"
        },
        "node_modules/rfdc": {
            "version": "1.4.1",
            "resolved": "https://registry.npmjs.org/rfdc/-/rfdc-1.4.1.tgz",
            "integrity": "sha512-q1b3N5QkRUWUl7iyylaaj3kOpIT0N2i9MqIEQXP73GVsN9cw3fdx8X63cEmWhJGi2PPCF23Ijp7ktmd39rawIA==",
            "license": "MIT"
        },
        "node_modules/rxjs": {
            "version": "7.8.2",
            "resolved": "https://registry.npmjs.org/rxjs/-/rxjs-7.8.2.tgz",
            "integrity": "sha512-dhKf903U/PQZY6boNNtAGdWbG85WAbjT/1xYoZIC7FAY0yWapOBQVsVrDl58W86//e1VpMNBtRV4MaXfdMySFA==",
            "license": "Apache-2.0",
            "dependencies": {
                "tslib": "^2.1.0"
            }
        },
        "node_modules/sepal": {
            "resolved": "../../lib/js/shared",
            "link": true
        },
        "node_modules/setprototypeof": {
            "version": "1.2.0",
            "resolved": "https://registry.npmjs.org/setprototypeof/-/setprototypeof-1.2.0.tgz",
            "integrity": "sha512-E5LDX7Wrp85Kil5bhZv46j8jOeboKq5JMmYM3gVGdGH8xFpPWXUMsNrlODCrkoxMEeNi/XZIwuRvY4XNwYMJpw==",
            "license": "ISC"
        },
        "node_modules/statuses": {
            "version": "1.5.0",
            "resolved": "https://registry.npmjs.org/statuses/-/statuses-1.5.0.tgz",
            "integrity": "sha512-OpZ3zP+jT1PI7I8nemJX4AKmAX070ZkYPVWV/AaKTJl+tXCTGyVdC1a4SL8RUQYEwk/f34ZX8UTykN68FwrqAA==",
            "license": "MIT",
            "engines": {
                "node": ">= 0.6"
            }
        },
        "node_modules/streamroller": {
            "version": "3.1.5",
            "resolved": "https://registry.npmjs.org/streamroller/-/streamroller-3.1.5.tgz",
            "integrity": "sha512-KFxaM7XT+irxvdqSP1LGLgNWbYN7ay5owZ3r/8t77p+EtSUAfUgtl7be3xtqtOmGUl9K9YPO2ca8133RlTjvKw==",
            "license": "MIT",
            "dependencies": {
                "date-format": "^4.0.14",
                "debug": "^4.3.4",
                "fs-extra": "^8.1.0"
            },
            "engines": {
                "node": ">=8.0"
            }
        },
        "node_modules/streamroller/node_modules/debug": {
            "version": "4.4.0",
            "resolved": "https://registry.npmjs.org/debug/-/debug-4.4.0.tgz",
            "integrity": "sha512-6WTZ/IxCY/T6BALoZHaE4ctp9xm+Z5kY/pzYaCHRFeyVhojxlrm+46y68HA6hr0TcwEssoxNiDEUJQjfPZ/RYA==",
            "license": "MIT",
            "dependencies": {
                "ms": "^2.1.3"
            },
            "engines": {
                "node": ">=6.0"
            },
            "peerDependenciesMeta": {
                "supports-color": {
                    "optional": true
                }
            }
        },
        "node_modules/toidentifier": {
            "version": "1.0.1",
            "resolved": "https://registry.npmjs.org/toidentifier/-/toidentifier-1.0.1.tgz",
            "integrity": "sha512-o5sSPKEkg/DIQNmH43V0/uerLrpzVedkUh8tGNvaeXpfpuwjKenlSox/2O/BTlZUtEe+JG7s5YhEz608PlAHRA==",
            "license": "MIT",
            "engines": {
                "node": ">=0.6"
            }
        },
        "node_modules/tslib": {
            "version": "2.8.1",
            "resolved": "https://registry.npmjs.org/tslib/-/tslib-2.8.1.tgz",
            "integrity": "sha512-oJFu94HQb+KVduSUQL7wnpmqnfmLsOA/nAh6b6EH0wCEoK0/mPeXU6c3wKDV83MkOuHPRHtSXKKU99IBazS/2w==",
            "license": "0BSD"
        },
        "node_modules/universalify": {
            "version": "0.1.2",
            "resolved": "https://registry.npmjs.org/universalify/-/universalify-0.1.2.tgz",
            "integrity": "sha512-rBJeI5CXAlmy1pV+617WB9J63U6XcazHHF2f2dbJix4XzpUF0RS3Zbj0FGIOCAva5P/d/GBOYaACQ1w+0azUkg==",
            "license": "MIT",
            "engines": {
                "node": ">= 4.0.0"
            }
        }
    }
}
