{
  "name": "peatlands-static",
  "version": "1.0.0",
  "lockfileVersion": 1,
  "requires": true,
  "dependencies": {
    "bootstrap": {
      "version": "4.0.0-alpha.6",
      "resolved": "https://registry.npmjs.org/bootstrap/-/bootstrap-4.0.0-alpha.6.tgz",
      "integrity": "sha1-T1TdM6wN6sOyhAe8LffsYIhpycg=",
      "requires": {
        "jquery": "3.0.0",
        "tether": "1.4.4"
      }
    },
    "font-awesome": {
      "version": "4.7.0",
      "resolved": "https://registry.npmjs.org/font-awesome/-/font-awesome-4.7.0.tgz",
      "integrity": "sha1-j6jPBBGhoxr9B7BtKQK7n8gVoTM="
    },
    "highcharts": {
      "version": "5.0.15",
      "resolved": "https://registry.npmjs.org/highcharts/-/highcharts-5.0.15.tgz",
      "integrity": "sha512-+LTe57ntLyWgkjsHzLmvRspM3FVKtds7iDswOTwuTAmZD3FtG1I/DqHiVSRjX92RQmQMZ1M7dcoRb7T648m1xA=="
    },
    "jquery": {
      "version": "3.0.0",
      "resolved": "https://registry.npmjs.org/jquery/-/jquery-3.0.0.tgz",
      "integrity": "sha1-laKpVBKRqfgZ4Bb4W6JHEW0D5Ks="
    },
    "tether": {
      "version": "1.4.4",
      "resolved": "https://registry.npmjs.org/tether/-/tether-1.4.4.tgz",
      "integrity": "sha512-bagKeRRo3vEynHnO3GB7/jB3Q4YIf0mN7gXM/nR0wZvNHkPrwmZemg1w0C32JZP0prHZUwxGwoX5CdA7tuIDEw=="
    }
  }
}
